
Microsoft Visual Studio Solution File, Format Version 12.00
# Visual Studio 15
VisualStudioVersion = 15.0.28307.705
MinimumVisualStudioVersion = 10.0.40219.1
Project("{FAE04EC0-301F-11D3-BF4B-00C04F79EFBC}") = "LoeClient", "LoeClient\LoeClient.csproj", "{B6F86112-FA6C-4744-B63C-ECD07FE6486A}"
EndProject
Global
	GlobalSection(SolutionConfigurationPlatforms) = preSolution
		Debug|Any CPU = Debug|Any CPU
		Release|Any CPU = Release|Any CPU
	EndGlobalSection
	GlobalSection(ProjectConfigurationPlatforms) = postSolution
		{B6F86112-FA6C-4744-B63C-ECD07FE6486A}.Debug|Any CPU.ActiveCfg = Debug|Any CPU
		{B6F86112-FA6C-4744-B63C-ECD07FE6486A}.Debug|Any CPU.Build.0 = Debug|Any CPU
		{B6F86112-FA6C-4744-B63C-ECD07FE6486A}.Release|Any CPU.ActiveCfg = Release|Any CPU
		{B6F86112-FA6C-4744-B63C-ECD07FE6486A}.Release|Any CPU.Build.0 = Release|Any CPU
	EndGlobalSection
	GlobalSection(SolutionProperties) = preSolution
		HideSolutionNode = FALSE
	EndGlobalSection
	GlobalSection(ExtensibilityGlobals) = postSolution
		SolutionGuid = {3E57C22D-FD94-4DE8-9DE7-5DC0FBE0488E}
	EndGlobalSection
EndGlobal
